
Microsoft Visual Studio Solution File, Format Version 12.00
# Visual Studio Version 16
VisualStudioVersion = 16.0.33214.272
MinimumVisualStudioVersion = 10.0.40219.1
Project("{FAE04EC0-301F-11D3-BF4B-00C04F79EFBC}") = "DataDogEvents", "DataDogEvents.csproj", "{4143EEA6-503E-487B-B9D5-1BB8AA5667C4}"
EndProject
Global
	GlobalSection(SolutionConfigurationPlatforms) = preSolution
		Debug|Any CPU = Debug|Any CPU
		Release|Any CPU = Release|Any CPU
	EndGlobalSection
	GlobalSection(ProjectConfigurationPlatforms) = postSolution
		{4143EEA6-503E-487B-B9D5-1BB8AA5667C4}.Debug|Any CPU.ActiveCfg = Debug|Any CPU
		{4143EEA6-503E-487B-B9D5-1BB8AA5667C4}.Debug|Any CPU.Build.0 = Debug|Any CPU
		{4143EEA6-503E-487B-B9D5-1BB8AA5667C4}.Release|Any CPU.ActiveCfg = Release|Any CPU
		{4143EEA6-503E-487B-B9D5-1BB8AA5667C4}.Release|Any CPU.Build.0 = Release|Any CPU
	EndGlobalSection
	GlobalSection(SolutionProperties) = preSolution
		HideSolutionNode = FALSE
	EndGlobalSection
	GlobalSection(ExtensibilityGlobals) = postSolution
		SolutionGuid = {261612FC-0328-4273-879C-21822B84EFC3}
	EndGlobalSection
EndGlobal
